// !$*UTF8*$!
{
	archiveVersion = 1;
	classes = {
	};
	objectVersion = 46;
	objects = {

/* Begin PBXBuildFile section */
		DCAB984E1C6B923700437713 /* AppDelegate.swift in Sources */ = {isa = PBXBuildFile; fileRef = DCAB984D1C6B923700437713 /* AppDelegate.swift */; };
		DCAB98531C6B923700437713 /* Main.storyboard in Resources */ = {isa = PBXBuildFile; fileRef = DCAB98511C6B923700437713 /* Main.storyboard */; };
		DCAB98551C6B923700437713 /* Assets.xcassets in Resources */ = {isa = PBXBuildFile; fileRef = DCAB98541C6B923700437713 /* Assets.xcassets */; };
		DCAB98581C6B923700437713 /* LaunchScreen.storyboard in Resources */ = {isa = PBXBuildFile; fileRef = DCAB98561C6B923700437713 /* LaunchScreen.storyboard */; };
		DCAB98601C6B92C400437713 /* TableViewController.swift in Sources */ = {isa = PBXBuildFile; fileRef = DCAB985F1C6B92C400437713 /* TableViewController.swift */; };
/* End PBXBuildFile section */

/* Begin PBXFileReference section */
		DCAB984A1C6B923700437713 /* SO-35259289.app */ = {isa = PBXFileReference; explicitFileType = wrapper.application; includeInIndex = 0; path = "SO-35259289.app"; sourceTree = BUILT_PRODUCTS_DIR; };
		DCAB984D1C6B923700437713 /* AppDelegate.swift */ = {isa = PBXFileReference; lastKnownFileType = sourcecode.swift; path = AppDelegate.swift; sourceTree = "<group>"; };
		DCAB98521C6B923700437713 /* Base */ = {isa = PBXFileReference; lastKnownFileType = file.storyboard; name = Base; path = Base.lproj/Main.storyboard; sourceTree = "<group>"; };
		DCAB98541C6B923700437713 /* Assets.xcassets */ = {isa = PBXFileReference; lastKnownFileType = folder.assetcatalog; path = Assets.xcassets; sourceTree = "<group>"; };
		DCAB98571C6B923700437713 /* Base */ = {isa = PBXFileReference; lastKnownFileType = file.storyboard; name = Base; path = Base.lproj/LaunchScreen.storyboard; sourceTree = "<group>"; };
		DCAB98591C6B923700437713 /* Info.plist */ = {isa = PBXFileReference; lastKnownFileType = text.plist.xml; path = Info.plist; sourceTree = "<group>"; };
		DCAB985F1C6B92C400437713 /* TableViewController.swift */ = {isa = PBXFileReference; fileEncoding = 4; lastKnownFileType = sourcecode.swift; path = TableViewController.swift; sourceTree = "<group>"; };
/* End PBXFileReference section */

/* Begin PBXFrameworksBuildPhase section */
		DCAB98471C6B923700437713 /* Frameworks */ = {
			isa = PBXFrameworksBuildPhase;
			buildActionMask = 2147483647;
			files = (
			);
			runOnlyForDeploymentPostprocessing = 0;
		};
/* End PBXFrameworksBuildPhase section */

/* Begin PBXGroup section */
		DCAB98411C6B923700437713 = {
			isa = PBXGroup;
			children = (
				DCAB984C1C6B923700437713 /* SO-35259289 */,
				DCAB984B1C6B923700437713 /* Products */,
			);
			sourceTree = "<group>";
		};
		DCAB984B1C6B923700437713 /* Products */ = {
			isa = PBXGroup;
			children = (
				DCAB984A1C6B923700437713 /* SO-35259289.app */,
			);
			name = Products;
			sourceTree = "<group>";
		};
		DCAB984C1C6B923700437713 /* SO-35259289 */ = {
			isa = PBXGroup;
			children = (
				DCAB984D1C6B923700437713 /* AppDelegate.swift */,
				DCAB985F1C6B92C400437713 /* TableViewController.swift */,
				DCAB98511C6B923700437713 /* Main.storyboard */,
				DCAB98541C6B923700437713 /* Assets.xcassets */,
				DCAB98561C6B923700437713 /* LaunchScreen.storyboard */,
				DCAB98591C6B923700437713 /* Info.plist */,
			);
			path = "SO-35259289";
			sourceTree = "<group>";
		};
/* End PBXGroup section */

/* Begin PBXNativeTarget section */
		DCAB98491C6B923700437713 /* SO-35259289 */ = {
			isa = PBXNativeTarget;
			buildConfigurationList = DCAB985C1C6B923700437713 /* Build configuration list for PBXNativeTarget "SO-35259289" */;
			buildPhases = (
				DCAB98461C6B923700437713 /* Sources */,
				DCAB98471C6B923700437713 /* Frameworks */,
				DCAB98481C6B923700437713 /* Resources */,
			);
			buildRules = (
			);
			dependencies = (
			);
			name = "SO-35259289";
			productName = "SO-35259289";
			productReference = DCAB984A1C6B923700437713 /* SO-35259289.app */;
			productType = "com.apple.product-type.application";
		};
/* End PBXNativeTarget section */

/* Begin PBXProject section */
		DCAB98421C6B923700437713 /* Project object */ = {
			isa = PBXProject;
			attributes = {
				LastSwiftUpdateCheck = 0720;
				LastUpgradeCheck = 0820;
				ORGANIZATIONNAME = SwiftArchitect;
				TargetAttributes = {
					DCAB98491C6B923700437713 = {
						CreatedOnToolsVersion = 7.2;
						LastSwiftMigration = 0820;
					};
				};
			};
			buildConfigurationList = DCAB98451C6B923700437713 /* Build configuration list for PBXProject "SO-35259289" */;
			compatibilityVersion = "Xcode 3.2";
			developmentRegion = English;
			hasScannedForEncodings = 0;
			knownRegions = (
				en,
				Base,
			);
			mainGroup = DCAB98411C6B923700437713;
			productRefGroup = DCAB984B1C6B923700437713 /* Products */;
			projectDirPath = "";
			projectRoot = "";
			targets = (
				DCAB98491C6B923700437713 /* SO-35259289 */,
			);
		};
/* End PBXProject section */

/* Begin PBXResourcesBuildPhase section */
		DCAB98481C6B923700437713 /* Resources */ = {
			isa = PBXResourcesBuildPhase;
			buildActionMask = 2147483647;
			files = (
				DCAB98581C6B923700437713 /* LaunchScreen.storyboard in Resources */,
				DCAB98551C6B923700437713 /* Assets.xcassets in Resources */,
				DCAB98531C6B923700437713 /* Main.storyboard in Resources */,
			);
			runOnlyForDeploymentPostprocessing = 0;
		};
/* End PBXResourcesBuildPhase section */

/* Begin PBXSourcesBuildPhase section */
		DCAB98461C6B923700437713 /* Sources */ = {
			isa = PBXSourcesBuildPhase;
			buildActionMask = 2147483647;
			files = (
				DCAB984E1C6B923700437713 /* AppDelegate.swift in Sources */,
				DCAB98601C6B92C400437713 /* TableViewController.swift in Sources */,
			);
			runOnlyForDeploymentPostprocessing = 0;
		};
/* End PBXSourcesBuildPhase section */

/* Begin PBXVariantGroup section */
		DCAB98511C6B923700437713 /* Main.storyboard */ = {
			isa = PBXVariantGroup;
			children = (
				DCAB98521C6B923700437713 /* Base */,
			);
			name = Main.storyboard;
			sourceTree = "<group>";
		};
		DCAB98561C6B923700437713 /* LaunchScreen.storyboard */ = {
			isa = PBXVariantGroup;
			children = (
				DCAB98571C6B923700437713 /* Base */,
			);
			name = LaunchScreen.storyboard;
			sourceTree = "<group>";
		};
/* End PBXVariantGroup section */

/* Begin XCBuildConfiguration section */
		DCAB985A1C6B923700437713 /* Debug */ = {
			isa = XCBuildConfiguration;
			buildSettings = {
				ALWAYS_SEARCH_USER_PATHS = NO;
				CLANG_CXX_LANGUAGE_STANDARD = "gnu++0x";
				CLANG_CXX_LIBRARY = "libc++";
				CLANG_ENABLE_MODULES = YES;
				CLANG_ENABLE_OBJC_ARC = YES;
				CLANG_WARN_BOOL_CONVERSION = YES;
				CLANG_WARN_CONSTANT_CONVERSION = YES;
				CLANG_WARN_DIRECT_OBJC_ISA_USAGE = YES_ERROR;
				CLANG_WARN_EMPTY_BODY = YES;
				CLANG_WARN_ENUM_CONVERSION = YES;
				CLANG_WARN_INFINITE_RECURSION = YES;
				CLANG_WARN_INT_CONVERSION = YES;
				CLANG_WARN_OBJC_ROOT_CLASS = YES_ERROR;
				CLANG_WARN_SUSPICIOUS_MOVE = YES;
				CLANG_WARN_UNREACHABLE_CODE = YES;
				CLANG_WARN__DUPLICATE_METHOD_MATCH = YES;
				"CODE_SIGN_IDENTITY[sdk=iphoneos*]" = "iPhone Developer";
				COPY_PHASE_STRIP = NO;
				DEBUG_INFORMATION_FORMAT = dwarf;
				ENABLE_STRICT_OBJC_MSGSEND = YES;
				ENABLE_TESTABILITY = YES;
				GCC_C_LANGUAGE_STANDARD = gnu99;
				GCC_DYNAMIC_NO_PIC = NO;
				GCC_NO_COMMON_BLOCKS = YES;
				GCC_OPTIMIZATION_LEVEL = 0;
				GCC_PREPROCESSOR_DEFINITIONS = (
					"DEBUG=1",
					"$(inherited)",
				);
				GCC_WARN_64_TO_32_BIT_CONVERSION = YES;
				GCC_WARN_ABOUT_RETURN_TYPE = YES_ERROR;
				GCC_WARN_UNDECLARED_SELECTOR = YES;
				GCC_WARN_UNINITIALIZED_AUTOS = YES_AGGRESSIVE;
				GCC_WARN_UNUSED_FUNCTION = YES;
				GCC_WARN_UNUSED_VARIABLE = YES;
				IPHONEOS_DEPLOYMENT_TARGET = 8.0;
				MTL_ENABLE_DEBUG_INFO = YES;
				ONLY_ACTIVE_ARCH = YES;
				SDKROOT = iphoneos;
				SWIFT_OPTIMIZATION_LEVEL = "-Onone";
			};
			name = Debug;
		};
		DCAB985B1C6B923700437713 /* Release */ = {
			isa = XCBuildConfiguration;
			buildSettings = {
				ALWAYS_SEARCH_USER_PATHS = NO;
				CLANG_CXX_LANGUAGE_STANDARD = "gnu++0x";
				CLANG_CXX_LIBRARY = "libc++";
				CLANG_ENABLE_MODULES = YES;
				CLANG_ENABLE_OBJC_ARC = YES;
				CLANG_WARN_BOOL_CONVERSION = YES;
				CLANG_WARN_CONSTANT_CONVERSION = YES;
				CLANG_WARN_DIRECT_OBJC_ISA_USAGE = YES_ERROR;
				CLANG_WARN_EMPTY_BODY = YES;
				CLANG_WARN_ENUM_CONVERSION = YES;
				CLANG_WARN_INFINITE_RECURSION = YES;
				CLANG_WARN_INT_CONVERSION = YES;
				CLANG_WARN_OBJC_ROOT_CLASS = YES_ERROR;
				CLANG_WARN_SUSPICIOUS_MOVE = YES;
				CLANG_WARN_UNREACHABLE_CODE = YES;
				CLANG_WARN__DUPLICATE_METHOD_MATCH = YES;
				"CODE_SIGN_IDENTITY[sdk=iphoneos*]" = "iPhone Developer";
				COPY_PHASE_STRIP = NO;
				DEBUG_INFORMATION_FORMAT = "dwarf-with-dsym";
				ENABLE_NS_ASSERTIONS = NO;
				ENABLE_STRICT_OBJC_MSGSEND = YES;
				GCC_C_LANGUAGE_STANDARD = gnu99;
				GCC_NO_COMMON_BLOCKS = YES;
				GCC_WARN_64_TO_32_BIT_CONVERSION = YES;
				GCC_WARN_ABOUT_RETURN_TYPE = YES_ERROR;
				GCC_WARN_UNDECLARED_SELECTOR = YES;
				GCC_WARN_UNINITIALIZED_AUTOS = YES_AGGRESSIVE;
				GCC_WARN_UNUSED_FUNCTION = YES;
				GCC_WARN_UNUSED_VARIABLE = YES;
				IPHONEOS_DEPLOYMENT_TARGET = 8.0;
				MTL_ENABLE_DEBUG_INFO = NO;
				SDKROOT = iphoneos;
				SWIFT_OPTIMIZATION_LEVEL = "-Owholemodule";
				VALIDATE_PRODUCT = YES;
			};
			name = Release;
		};
		DCAB985D1C6B923700437713 /* Debug */ = {
			isa = XCBuildConfiguration;
			buildSettings = {
				ASSETCATALOG_COMPILER_APPICON_NAME = AppIcon;
				INFOPLIST_FILE = "SO-35259289/Info.plist";
				LD_RUNPATH_SEARCH_PATHS = "$(inherited) @executable_path/Frameworks";
				PRODUCT_BUNDLE_IDENTIFIER = "com.swiftarchitect.SO-35259289";
				PRODUCT_NAME = "$(TARGET_NAME)";
				SWIFT_VERSION = 3.0;
			};
			name = Debug;
		};
		DCAB985E1C6B923700437713 /* Release */ = {
			isa = XCBuildConfiguration;
			buildSettings = {
				ASSETCATALOG_COMPILER_APPICON_NAME = AppIcon;
				INFOPLIST_FILE = "SO-35259289/Info.plist";
				LD_RUNPATH_SEARCH_PATHS = "$(inherited) @executable_path/Frameworks";
				PRODUCT_BUNDLE_IDENTIFIER = "com.swiftarchitect.SO-35259289";
				PRODUCT_NAME = "$(TARGET_NAME)";
				SWIFT_VERSION = 3.0;
			};
			name = Release;
		};
/* End XCBuildConfiguration section */

/* Begin XCConfigurationList section */
		DCAB98451C6B923700437713 /* Build configuration list for PBXProject "SO-35259289" */ = {
			isa = XCConfigurationList;
			buildConfigurations = (
				DCAB985A1C6B923700437713 /* Debug */,
				DCAB985B1C6B923700437713 /* Release */,
			);
			defaultConfigurationIsVisible = 0;
			defaultConfigurationName = Release;
		};
		DCAB985C1C6B923700437713 /* Build configuration list for PBXNativeTarget "SO-35259289" */ = {
			isa = XCConfigurationList;
			buildConfigurations = (
				DCAB985D1C6B923700437713 /* Debug */,
				DCAB985E1C6B923700437713 /* Release */,
			);
			defaultConfigurationIsVisible = 0;
			defaultConfigurationName = Release;
		};
/* End XCConfigurationList section */
	};
	rootObject = DCAB98421C6B923700437713 /* Project object */;
}
